
Microsoft Visual Studio Solution File, Format Version 11.00
# Visual Studio 2010
Project("{FAE04EC0-301F-11D3-BF4B-00C04F79EFBC}") = "dbSnap", "dbSnap\dbSnap.csproj", "{0B4CF77C-34DE-46C9-8D30-524316CC352E}"
EndProject
Project("{FAE04EC0-301F-11D3-BF4B-00C04F79EFBC}") = "Domain", "Domain\Domain.csproj", "{E05EE3DE-5B2E-4324-B209-850588B90FEC}"
EndProject
Project("{FAE04EC0-301F-11D3-BF4B-00C04F79EFBC}") = "Domain.Tests", "Domain.Tests\Domain.Tests.csproj", "{506852D9-5BE6-4C51-9D64-A9F1D4EF2238}"
EndProject
Global
	GlobalSection(SolutionConfigurationPlatforms) = preSolution
		Debug|Any CPU = Debug|Any CPU
		Debug|Mixed Platforms = Debug|Mixed Platforms
		Debug|x86 = Debug|x86
		Release|Any CPU = Release|Any CPU
		Release|Mixed Platforms = Release|Mixed Platforms
		Release|x86 = Release|x86
	EndGlobalSection
	GlobalSection(ProjectConfigurationPlatforms) = postSolution
		{0B4CF77C-34DE-46C9-8D30-524316CC352E}.Debug|Any CPU.ActiveCfg = Debug|x86
		{0B4CF77C-34DE-46C9-8D30-524316CC352E}.Debug|Mixed Platforms.ActiveCfg = Debug|x86
		{0B4CF77C-34DE-46C9-8D30-524316CC352E}.Debug|Mixed Platforms.Build.0 = Debug|x86
		{0B4CF77C-34DE-46C9-8D30-524316CC352E}.Debug|x86.ActiveCfg = Debug|x86
		{0B4CF77C-34DE-46C9-8D30-524316CC352E}.Debug|x86.Build.0 = Debug|x86
		{0B4CF77C-34DE-46C9-8D30-524316CC352E}.Release|Any CPU.ActiveCfg = Release|x86
		{0B4CF77C-34DE-46C9-8D30-524316CC352E}.Release|Mixed Platforms.ActiveCfg = Release|x86
		{0B4CF77C-34DE-46C9-8D30-524316CC352E}.Release|Mixed Platforms.Build.0 = Release|x86
		{0B4CF77C-34DE-46C9-8D30-524316CC352E}.Release|x86.ActiveCfg = Release|x86
		{0B4CF77C-34DE-46C9-8D30-524316CC352E}.Release|x86.Build.0 = Release|x86
		{E05EE3DE-5B2E-4324-B209-850588B90FEC}.Debug|Any CPU.ActiveCfg = Debug|Any CPU
		{E05EE3DE-5B2E-4324-B209-850588B90FEC}.Debug|Any CPU.Build.0 = Debug|Any CPU
		{E05EE3DE-5B2E-4324-B209-850588B90FEC}.Debug|Mixed Platforms.ActiveCfg = Debug|Any CPU
		{E05EE3DE-5B2E-4324-B209-850588B90FEC}.Debug|Mixed Platforms.Build.0 = Debug|Any CPU
		{E05EE3DE-5B2E-4324-B209-850588B90FEC}.Debug|x86.ActiveCfg = Debug|Any CPU
		{E05EE3DE-5B2E-4324-B209-850588B90FEC}.Release|Any CPU.ActiveCfg = Release|Any CPU
		{E05EE3DE-5B2E-4324-B209-850588B90FEC}.Release|Any CPU.Build.0 = Release|Any CPU
		{E05EE3DE-5B2E-4324-B209-850588B90FEC}.Release|Mixed Platforms.ActiveCfg = Release|Any CPU
		{E05EE3DE-5B2E-4324-B209-850588B90FEC}.Release|Mixed Platforms.Build.0 = Release|Any CPU
		{E05EE3DE-5B2E-4324-B209-850588B90FEC}.Release|x86.ActiveCfg = Release|Any CPU
		{506852D9-5BE6-4C51-9D64-A9F1D4EF2238}.Debug|Any CPU.ActiveCfg = Debug|Any CPU
		{506852D9-5BE6-4C51-9D64-A9F1D4EF2238}.Debug|Any CPU.Build.0 = Debug|Any CPU
		{506852D9-5BE6-4C51-9D64-A9F1D4EF2238}.Debug|Mixed Platforms.ActiveCfg = Debug|Any CPU
		{506852D9-5BE6-4C51-9D64-A9F1D4EF2238}.Debug|Mixed Platforms.Build.0 = Debug|Any CPU
		{506852D9-5BE6-4C51-9D64-A9F1D4EF2238}.Debug|x86.ActiveCfg = Debug|Any CPU
		{506852D9-5BE6-4C51-9D64-A9F1D4EF2238}.Release|Any CPU.ActiveCfg = Release|Any CPU
		{506852D9-5BE6-4C51-9D64-A9F1D4EF2238}.Release|Any CPU.Build.0 = Release|Any CPU
		{506852D9-5BE6-4C51-9D64-A9F1D4EF2238}.Release|Mixed Platforms.ActiveCfg = Release|Any CPU
		{506852D9-5BE6-4C51-9D64-A9F1D4EF2238}.Release|Mixed Platforms.Build.0 = Release|Any CPU
		{506852D9-5BE6-4C51-9D64-A9F1D4EF2238}.Release|x86.ActiveCfg = Release|Any CPU
	EndGlobalSection
	GlobalSection(SolutionProperties) = preSolution
		HideSolutionNode = FALSE
	EndGlobalSection
EndGlobal
